// !$*UTF8*$!
{
	archiveVersion = 1;
	classes = {
	};
	objectVersion = 46;
	objects = {

/* Begin PBXBuildFile section */
		0424A4A519348E3700C6C9F8 /* header@2x.png in Resources */ = {isa = PBXBuildFile; fileRef = 0424A4A419348E3700C6C9F8 /* header@2x.png */; };
		04B36E8E19328F590079A6BD /* Foundation.framework in Frameworks */ = {isa = PBXBuildFile; fileRef = 04B36E8D19328F590079A6BD /* Foundation.framework */; };
		04B36E9019328F590079A6BD /* CoreGraphics.framework in Frameworks */ = {isa = PBXBuildFile; fileRef = 04B36E8F19328F590079A6BD /* CoreGraphics.framework */; };
		04B36E9219328F590079A6BD /* UIKit.framework in Frameworks */ = {isa = PBXBuildFile; fileRef = 04B36E9119328F590079A6BD /* UIKit.framework */; };
		04B36E9819328F590079A6BD /* InfoPlist.strings in Resources */ = {isa = PBXBuildFile; fileRef = 04B36E9619328F590079A6BD /* InfoPlist.strings */; };
		04B36E9A19328F590079A6BD /* main.m in Sources */ = {isa = PBXBuildFile; fileRef = 04B36E9919328F590079A6BD /* main.m */; };
		04B36E9E19328F590079A6BD /* SZAppDelegate.m in Sources */ = {isa = PBXBuildFile; fileRef = 04B36E9D19328F590079A6BD /* SZAppDelegate.m */; };
		04B36EA119328F590079A6BD /* Main.storyboard in Resources */ = {isa = PBXBuildFile; fileRef = 04B36E9F19328F590079A6BD /* Main.storyboard */; };
		04B36EA419328F590079A6BD /* SZViewController.m in Sources */ = {isa = PBXBuildFile; fileRef = 04B36EA319328F590079A6BD /* SZViewController.m */; };
		04B36EA619328F590079A6BD /* Images.xcassets in Resources */ = {isa = PBXBuildFile; fileRef = 04B36EA519328F590079A6BD /* Images.xcassets */; };
		04B36EAD19328F590079A6BD /* XCTest.framework in Frameworks */ = {isa = PBXBuildFile; fileRef = 04B36EAC19328F590079A6BD /* XCTest.framework */; };
		04B36EAE19328F590079A6BD /* Foundation.framework in Frameworks */ = {isa = PBXBuildFile; fileRef = 04B36E8D19328F590079A6BD /* Foundation.framework */; };
		04B36EAF19328F590079A6BD /* UIKit.framework in Frameworks */ = {isa = PBXBuildFile; fileRef = 04B36E9119328F590079A6BD /* UIKit.framework */; };
		04B36EB719328F590079A6BD /* InfoPlist.strings in Resources */ = {isa = PBXBuildFile; fileRef = 04B36EB519328F590079A6BD /* InfoPlist.strings */; };
		04B36EB919328F590079A6BD /* ____Tests.m in Sources */ = {isa = PBXBuildFile; fileRef = 04B36EB819328F590079A6BD /* ____Tests.m */; };
		04B36EC51932C7BA0079A6BD /* UIImage+SZ.m in Sources */ = {isa = PBXBuildFile; fileRef = 04B36EC41932C7BA0079A6BD /* UIImage+SZ.m */; };
		04CF6D031935223C00F97A3F /* SZBlueTooth.m in Sources */ = {isa = PBXBuildFile; fileRef = 04CF6D021935223C00F97A3F /* SZBlueTooth.m */; };
		04CF6D0619353F1C00F97A3F /* UIView+SZ.m in Sources */ = {isa = PBXBuildFile; fileRef = 04CF6D0519353F1C00F97A3F /* UIView+SZ.m */; };
		04F6727419331479000765CF /* GameKit.framework in Frameworks */ = {isa = PBXBuildFile; fileRef = 04F6727319331479000765CF /* GameKit.framework */; };
		04F6727619331804000765CF /* GameController.framework in Frameworks */ = {isa = PBXBuildFile; fileRef = 04F6727519331804000765CF /* GameController.framework */; };
		04F6727E1933EEC4000765CF /* MBProgressHUD+MJ.m in Sources */ = {isa = PBXBuildFile; fileRef = 04F6727A1933EEC4000765CF /* MBProgressHUD+MJ.m */; };
		04F6727F1933EEC4000765CF /* MBProgressHUD.bundle in Resources */ = {isa = PBXBuildFile; fileRef = 04F6727B1933EEC4000765CF /* MBProgressHUD.bundle */; };
		04F672801933EEC4000765CF /* MBProgressHUD.m in Sources */ = {isa = PBXBuildFile; fileRef = 04F6727D1933EEC4000765CF /* MBProgressHUD.m */; };
		18B51A171930D0DC0071025C /* SZSndData.m in Sources */ = {isa = PBXBuildFile; fileRef = 18B51A161930D0DC0071025C /* SZSndData.m */; };
/* End PBXBuildFile section */

/* Begin PBXContainerItemProxy section */
		04B36EB019328F590079A6BD /* PBXContainerItemProxy */ = {
			isa = PBXContainerItemProxy;
			containerPortal = 04B36E8219328F590079A6BD /* Project object */;
			proxyType = 1;
			remoteGlobalIDString = 04B36E8919328F590079A6BD;
			remoteInfo = "智能拼图";
		};
/* End PBXContainerItemProxy section */

/* Begin PBXFileReference section */
		0424A4A419348E3700C6C9F8 /* header@2x.png */ = {isa = PBXFileReference; lastKnownFileType = image.png; path = "header@2x.png"; sourceTree = "<group>"; };
		04B36E8A19328F590079A6BD /* 智能拼图.app */ = {isa = PBXFileReference; explicitFileType = wrapper.application; includeInIndex = 0; path = "智能拼图.app"; sourceTree = BUILT_PRODUCTS_DIR; };
		04B36E8D19328F590079A6BD /* Foundation.framework */ = {isa = PBXFileReference; lastKnownFileType = wrapper.framework; name = Foundation.framework; path = System/Library/Frameworks/Foundation.framework; sourceTree = SDKROOT; };
		04B36E8F19328F590079A6BD /* CoreGraphics.framework */ = {isa = PBXFileReference; lastKnownFileType = wrapper.framework; name = CoreGraphics.framework; path = System/Library/Frameworks/CoreGraphics.framework; sourceTree = SDKROOT; };
		04B36E9119328F590079A6BD /* UIKit.framework */ = {isa = PBXFileReference; lastKnownFileType = wrapper.framework; name = UIKit.framework; path = System/Library/Frameworks/UIKit.framework; sourceTree = SDKROOT; };
		04B36E9519328F590079A6BD /* 智能拼图-Info.plist */ = {isa = PBXFileReference; lastKnownFileType = text.plist.xml; path = "智能拼图-Info.plist"; sourceTree = "<group>"; };
		04B36E9719328F590079A6BD /* en */ = {isa = PBXFileReference; lastKnownFileType = text.plist.strings; name = en; path = en.lproj/InfoPlist.strings; sourceTree = "<group>"; };
		04B36E9919328F590079A6BD /* main.m */ = {isa = PBXFileReference; lastKnownFileType = sourcecode.c.objc; path = main.m; sourceTree = "<group>"; };
		04B36E9B19328F590079A6BD /* 智能拼图-Prefix.pch */ = {isa = PBXFileReference; lastKnownFileType = sourcecode.c.h; path = "智能拼图-Prefix.pch"; sourceTree = "<group>"; };
		04B36E9C19328F590079A6BD /* SZAppDelegate.h */ = {isa = PBXFileReference; lastKnownFileType = sourcecode.c.h; path = SZAppDelegate.h; sourceTree = "<group>"; };
		04B36E9D19328F590079A6BD /* SZAppDelegate.m */ = {isa = PBXFileReference; lastKnownFileType = sourcecode.c.objc; path = SZAppDelegate.m; sourceTree = "<group>"; };
		04B36EA019328F590079A6BD /* Base */ = {isa = PBXFileReference; lastKnownFileType = file.storyboard; name = Base; path = Base.lproj/Main.storyboard; sourceTree = "<group>"; };
		04B36EA219328F590079A6BD /* SZViewController.h */ = {isa = PBXFileReference; lastKnownFileType = sourcecode.c.h; path = SZViewController.h; sourceTree = "<group>"; };
		04B36EA319328F590079A6BD /* SZViewController.m */ = {isa = PBXFileReference; lastKnownFileType = sourcecode.c.objc; path = SZViewController.m; sourceTree = "<group>"; };
		04B36EA519328F590079A6BD /* Images.xcassets */ = {isa = PBXFileReference; lastKnownFileType = folder.assetcatalog; path = Images.xcassets; sourceTree = "<group>"; };
		04B36EAB19328F590079A6BD /* 智能拼图Tests.xctest */ = {isa = PBXFileReference; explicitFileType = wrapper.cfbundle; includeInIndex = 0; path = "智能拼图Tests.xctest"; sourceTree = BUILT_PRODUCTS_DIR; };
		04B36EAC19328F590079A6BD /* XCTest.framework */ = {isa = PBXFileReference; lastKnownFileType = wrapper.framework; name = XCTest.framework; path = Library/Frameworks/XCTest.framework; sourceTree = DEVELOPER_DIR; };
		04B36EB419328F590079A6BD /* 智能拼图Tests-Info.plist */ = {isa = PBXFileReference; lastKnownFileType = text.plist.xml; path = "智能拼图Tests-Info.plist"; sourceTree = "<group>"; };
		04B36EB619328F590079A6BD /* en */ = {isa = PBXFileReference; lastKnownFileType = text.plist.strings; name = en; path = en.lproj/InfoPlist.strings; sourceTree = "<group>"; };
		04B36EB819328F590079A6BD /* ____Tests.m */ = {isa = PBXFileReference; lastKnownFileType = sourcecode.c.objc; path = "____Tests.m"; sourceTree = "<group>"; };
		04B36EC31932C7BA0079A6BD /* UIImage+SZ.h */ = {isa = PBXFileReference; fileEncoding = 4; lastKnownFileType = sourcecode.c.h; path = "UIImage+SZ.h"; sourceTree = "<group>"; };
		04B36EC41932C7BA0079A6BD /* UIImage+SZ.m */ = {isa = PBXFileReference; fileEncoding = 4; lastKnownFileType = sourcecode.c.objc; path = "UIImage+SZ.m"; sourceTree = "<group>"; };
		04CF6D011935223C00F97A3F /* SZBlueTooth.h */ = {isa = PBXFileReference; fileEncoding = 4; lastKnownFileType = sourcecode.c.h; path = SZBlueTooth.h; sourceTree = "<group>"; };
		04CF6D021935223C00F97A3F /* SZBlueTooth.m */ = {isa = PBXFileReference; fileEncoding = 4; lastKnownFileType = sourcecode.c.objc; path = SZBlueTooth.m; sourceTree = "<group>"; };
		04CF6D0419353F1C00F97A3F /* UIView+SZ.h */ = {isa = PBXFileReference; fileEncoding = 4; lastKnownFileType = sourcecode.c.h; path = "UIView+SZ.h"; sourceTree = "<group>"; };
		04CF6D0519353F1C00F97A3F /* UIView+SZ.m */ = {isa = PBXFileReference; fileEncoding = 4; lastKnownFileType = sourcecode.c.objc; path = "UIView+SZ.m"; sourceTree = "<group>"; };
		04F6727319331479000765CF /* GameKit.framework */ = {isa = PBXFileReference; lastKnownFileType = wrapper.framework; name = GameKit.framework; path = System/Library/Frameworks/GameKit.framework; sourceTree = SDKROOT; };
		04F6727519331804000765CF /* GameController.framework */ = {isa = PBXFileReference; lastKnownFileType = wrapper.framework; name = GameController.framework; path = System/Library/Frameworks/GameController.framework; sourceTree = SDKROOT; };
		04F672791933EEC4000765CF /* MBProgressHUD+MJ.h */ = {isa = PBXFileReference; fileEncoding = 4; lastKnownFileType = sourcecode.c.h; path = "MBProgressHUD+MJ.h"; sourceTree = "<group>"; };
		04F6727A1933EEC4000765CF /* MBProgressHUD+MJ.m */ = {isa = PBXFileReference; fileEncoding = 4; lastKnownFileType = sourcecode.c.objc; path = "MBProgressHUD+MJ.m"; sourceTree = "<group>"; };
		04F6727B1933EEC4000765CF /* MBProgressHUD.bundle */ = {isa = PBXFileReference; lastKnownFileType = "wrapper.plug-in"; path = MBProgressHUD.bundle; sourceTree = "<group>"; };
		04F6727C1933EEC4000765CF /* MBProgressHUD.h */ = {isa = PBXFileReference; fileEncoding = 4; lastKnownFileType = sourcecode.c.h; path = MBProgressHUD.h; sourceTree = "<group>"; };
		04F6727D1933EEC4000765CF /* MBProgressHUD.m */ = {isa = PBXFileReference; fileEncoding = 4; lastKnownFileType = sourcecode.c.objc; path = MBProgressHUD.m; sourceTree = "<group>"; };
		18B51A151930D0DC0071025C /* SZSndData.h */ = {isa = PBXFileReference; fileEncoding = 4; lastKnownFileType = sourcecode.c.h; path = SZSndData.h; sourceTree = "<group>"; };
		18B51A161930D0DC0071025C /* SZSndData.m */ = {isa = PBXFileReference; fileEncoding = 4; lastKnownFileType = sourcecode.c.objc; path = SZSndData.m; sourceTree = "<group>"; };
/* End PBXFileReference section */

/* Begin PBXFrameworksBuildPhase section */
		04B36E8719328F590079A6BD /* Frameworks */ = {
			isa = PBXFrameworksBuildPhase;
			buildActionMask = 2147483647;
			files = (
				04F6727619331804000765CF /* GameController.framework in Frameworks */,
				04F6727419331479000765CF /* GameKit.framework in Frameworks */,
				04B36E9019328F590079A6BD /* CoreGraphics.framework in Frameworks */,
				04B36E9219328F590079A6BD /* UIKit.framework in Frameworks */,
				04B36E8E19328F590079A6BD /* Foundation.framework in Frameworks */,
			);
			runOnlyForDeploymentPostprocessing = 0;
		};
		04B36EA819328F590079A6BD /* Frameworks */ = {
			isa = PBXFrameworksBuildPhase;
			buildActionMask = 2147483647;
			files = (
				04B36EAD19328F590079A6BD /* XCTest.framework in Frameworks */,
				04B36EAF19328F590079A6BD /* UIKit.framework in Frameworks */,
				04B36EAE19328F590079A6BD /* Foundation.framework in Frameworks */,
			);
			runOnlyForDeploymentPostprocessing = 0;
		};
/* End PBXFrameworksBuildPhase section */

/* Begin PBXGroup section */
		04B36E8119328F590079A6BD = {
			isa = PBXGroup;
			children = (
				04B36E9319328F590079A6BD /* 智能拼图 */,
				04B36EB219328F590079A6BD /* 智能拼图Tests */,
				04B36E8C19328F590079A6BD /* Frameworks */,
				04B36E8B19328F590079A6BD /* Products */,
			);
			sourceTree = "<group>";
		};
		04B36E8B19328F590079A6BD /* Products */ = {
			isa = PBXGroup;
			children = (
				04B36E8A19328F590079A6BD /* 智能拼图.app */,
				04B36EAB19328F590079A6BD /* 智能拼图Tests.xctest */,
			);
			name = Products;
			sourceTree = "<group>";
		};
		04B36E8C19328F590079A6BD /* Frameworks */ = {
			isa = PBXGroup;
			children = (
				04F6727519331804000765CF /* GameController.framework */,
				04F6727319331479000765CF /* GameKit.framework */,
				04B36E8D19328F590079A6BD /* Foundation.framework */,
				04B36E8F19328F590079A6BD /* CoreGraphics.framework */,
				04B36E9119328F590079A6BD /* UIKit.framework */,
				04B36EAC19328F590079A6BD /* XCTest.framework */,
			);
			name = Frameworks;
			sourceTree = "<group>";
		};
		04B36E9319328F590079A6BD /* 智能拼图 */ = {
			isa = PBXGroup;
			children = (
				04CF6D001935221700F97A3F /* tool */,
				04F672771933EEC4000765CF /* lib */,
				04B36EC21932C7470079A6BD /* category */,
				04B36E9C19328F590079A6BD /* SZAppDelegate.h */,
				04B36E9D19328F590079A6BD /* SZAppDelegate.m */,
				04B36E9F19328F590079A6BD /* Main.storyboard */,
				04B36EA219328F590079A6BD /* SZViewController.h */,
				04B36EA319328F590079A6BD /* SZViewController.m */,
				18B51A151930D0DC0071025C /* SZSndData.h */,
				18B51A161930D0DC0071025C /* SZSndData.m */,
				04B36EA519328F590079A6BD /* Images.xcassets */,
				04B36E9419328F590079A6BD /* Supporting Files */,
			);
			path = "智能拼图";
			sourceTree = "<group>";
		};
		04B36E9419328F590079A6BD /* Supporting Files */ = {
			isa = PBXGroup;
			children = (
				0424A4A419348E3700C6C9F8 /* header@2x.png */,
				04B36E9519328F590079A6BD /* 智能拼图-Info.plist */,
				04B36E9619328F590079A6BD /* InfoPlist.strings */,
				04B36E9919328F590079A6BD /* main.m */,
				04B36E9B19328F590079A6BD /* 智能拼图-Prefix.pch */,
			);
			name = "Supporting Files";
			sourceTree = "<group>";
		};
		04B36EB219328F590079A6BD /* 智能拼图Tests */ = {
			isa = PBXGroup;
			children = (
				04B36EB819328F590079A6BD /* ____Tests.m */,
				04B36EB319328F590079A6BD /* Supporting Files */,
			);
			path = "智能拼图Tests";
			sourceTree = "<group>";
		};
		04B36EB319328F590079A6BD /* Supporting Files */ = {
			isa = PBXGroup;
			children = (
				04B36EB419328F590079A6BD /* 智能拼图Tests-Info.plist */,
				04B36EB519328F590079A6BD /* InfoPlist.strings */,
			);
			name = "Supporting Files";
			sourceTree = "<group>";
		};
		04B36EC21932C7470079A6BD /* category */ = {
			isa = PBXGroup;
			children = (
				04B36EC31932C7BA0079A6BD /* UIImage+SZ.h */,
				04B36EC41932C7BA0079A6BD /* UIImage+SZ.m */,
				04CF6D0419353F1C00F97A3F /* UIView+SZ.h */,
				04CF6D0519353F1C00F97A3F /* UIView+SZ.m */,
			);
			path = category;
			sourceTree = "<group>";
		};
		04CF6D001935221700F97A3F /* tool */ = {
			isa = PBXGroup;
			children = (
				04CF6D011935223C00F97A3F /* SZBlueTooth.h */,
				04CF6D021935223C00F97A3F /* SZBlueTooth.m */,
			);
			name = tool;
			sourceTree = "<group>";
		};
		04F672771933EEC4000765CF /* lib */ = {
			isa = PBXGroup;
			children = (
				04F672781933EEC4000765CF /* MBProgressHUD */,
			);
			path = lib;
			sourceTree = "<group>";
		};
		04F672781933EEC4000765CF /* MBProgressHUD */ = {
			isa = PBXGroup;
			children = (
				04F672791933EEC4000765CF /* MBProgressHUD+MJ.h */,
				04F6727A1933EEC4000765CF /* MBProgressHUD+MJ.m */,
				04F6727B1933EEC4000765CF /* MBProgressHUD.bundle */,
				04F6727C1933EEC4000765CF /* MBProgressHUD.h */,
				04F6727D1933EEC4000765CF /* MBProgressHUD.m */,
			);
			path = MBProgressHUD;
			sourceTree = "<group>";
		};
/* End PBXGroup section */

/* Begin PBXNativeTarget section */
		04B36E8919328F590079A6BD /* 智能拼图 */ = {
			isa = PBXNativeTarget;
			buildConfigurationList = 04B36EBC19328F590079A6BD /* Build configuration list for PBXNativeTarget "智能拼图" */;
			buildPhases = (
				04B36E8619328F590079A6BD /* Sources */,
				04B36E8719328F590079A6BD /* Frameworks */,
				04B36E8819328F590079A6BD /* Resources */,
			);
			buildRules = (
			);
			dependencies = (
			);
			name = "智能拼图";
			productName = "智能拼图";
			productReference = 04B36E8A19328F590079A6BD /* 智能拼图.app */;
			productType = "com.apple.product-type.application";
		};
		04B36EAA19328F590079A6BD /* 智能拼图Tests */ = {
			isa = PBXNativeTarget;
			buildConfigurationList = 04B36EBF19328F590079A6BD /* Build configuration list for PBXNativeTarget "智能拼图Tests" */;
			buildPhases = (
				04B36EA719328F590079A6BD /* Sources */,
				04B36EA819328F590079A6BD /* Frameworks */,
				04B36EA919328F590079A6BD /* Resources */,
			);
			buildRules = (
			);
			dependencies = (
				04B36EB119328F590079A6BD /* PBXTargetDependency */,
			);
			name = "智能拼图Tests";
			productName = "智能拼图Tests";
			productReference = 04B36EAB19328F590079A6BD /* 智能拼图Tests.xctest */;
			productType = "com.apple.product-type.bundle.unit-test";
		};
/* End PBXNativeTarget section */

/* Begin PBXProject section */
		04B36E8219328F590079A6BD /* Project object */ = {
			isa = PBXProject;
			attributes = {
				CLASSPREFIX = SZ;
				LastUpgradeCheck = 0500;
				ORGANIZATIONNAME = shunzi;
				TargetAttributes = {
					04B36EAA19328F590079A6BD = {
						TestTargetID = 04B36E8919328F590079A6BD;
					};
				};
			};
			buildConfigurationList = 04B36E8519328F590079A6BD /* Build configuration list for PBXProject "智能拼图" */;
			compatibilityVersion = "Xcode 3.2";
			developmentRegion = English;
			hasScannedForEncodings = 0;
			knownRegions = (
				en,
				Base,
			);
			mainGroup = 04B36E8119328F590079A6BD;
			productRefGroup = 04B36E8B19328F590079A6BD /* Products */;
			projectDirPath = "";
			projectRoot = "";
			targets = (
				04B36E8919328F590079A6BD /* 智能拼图 */,
				04B36EAA19328F590079A6BD /* 智能拼图Tests */,
			);
		};
/* End PBXProject section */

/* Begin PBXResourcesBuildPhase section */
		04B36E8819328F590079A6BD /* Resources */ = {
			isa = PBXResourcesBuildPhase;
			buildActionMask = 2147483647;
			files = (
				04B36EA619328F590079A6BD /* Images.xcassets in Resources */,
				04F6727F1933EEC4000765CF /* MBProgressHUD.bundle in Resources */,
				04B36E9819328F590079A6BD /* InfoPlist.strings in Resources */,
				04B36EA119328F590079A6BD /* Main.storyboard in Resources */,
				0424A4A519348E3700C6C9F8 /* header@2x.png in Resources */,
			);
			runOnlyForDeploymentPostprocessing = 0;
		};
		04B36EA919328F590079A6BD /* Resources */ = {
			isa = PBXResourcesBuildPhase;
			buildActionMask = 2147483647;
			files = (
				04B36EB719328F590079A6BD /* InfoPlist.strings in Resources */,
			);
			runOnlyForDeploymentPostprocessing = 0;
		};
/* End PBXResourcesBuildPhase section */

/* Begin PBXSourcesBuildPhase section */
		04B36E8619328F590079A6BD /* Sources */ = {
			isa = PBXSourcesBuildPhase;
			buildActionMask = 2147483647;
			files = (
				04F6727E1933EEC4000765CF /* MBProgressHUD+MJ.m in Sources */,
				04B36EC51932C7BA0079A6BD /* UIImage+SZ.m in Sources */,
				18B51A171930D0DC0071025C /* SZSndData.m in Sources */,
				04CF6D031935223C00F97A3F /* SZBlueTooth.m in Sources */,
				04CF6D0619353F1C00F97A3F /* UIView+SZ.m in Sources */,
				04B36EA419328F590079A6BD /* SZViewController.m in Sources */,
				04B36E9A19328F590079A6BD /* main.m in Sources */,
				04B36E9E19328F590079A6BD /* SZAppDelegate.m in Sources */,
				04F672801933EEC4000765CF /* MBProgressHUD.m in Sources */,
			);
			runOnlyForDeploymentPostprocessing = 0;
		};
		04B36EA719328F590079A6BD /* Sources */ = {
			isa = PBXSourcesBuildPhase;
			buildActionMask = 2147483647;
			files = (
				04B36EB919328F590079A6BD /* ____Tests.m in Sources */,
			);
			runOnlyForDeploymentPostprocessing = 0;
		};
/* End PBXSourcesBuildPhase section */

/* Begin PBXTargetDependency section */
		04B36EB119328F590079A6BD /* PBXTargetDependency */ = {
			isa = PBXTargetDependency;
			target = 04B36E8919328F590079A6BD /* 智能拼图 */;
			targetProxy = 04B36EB019328F590079A6BD /* PBXContainerItemProxy */;
		};
/* End PBXTargetDependency section */

/* Begin PBXVariantGroup section */
		04B36E9619328F590079A6BD /* InfoPlist.strings */ = {
			isa = PBXVariantGroup;
			children = (
				04B36E9719328F590079A6BD /* en */,
			);
			name = InfoPlist.strings;
			sourceTree = "<group>";
		};
		04B36E9F19328F590079A6BD /* Main.storyboard */ = {
			isa = PBXVariantGroup;
			children = (
				04B36EA019328F590079A6BD /* Base */,
			);
			name = Main.storyboard;
			sourceTree = "<group>";
		};
		04B36EB519328F590079A6BD /* InfoPlist.strings */ = {
			isa = PBXVariantGroup;
			children = (
				04B36EB619328F590079A6BD /* en */,
			);
			name = InfoPlist.strings;
			sourceTree = "<group>";
		};
/* End PBXVariantGroup section */

/* Begin XCBuildConfiguration section */
		04B36EBA19328F590079A6BD /* Debug */ = {
			isa = XCBuildConfiguration;
			buildSettings = {
				ALWAYS_SEARCH_USER_PATHS = NO;
				ARCHS = "$(ARCHS_STANDARD_INCLUDING_64_BIT)";
				CLANG_CXX_LANGUAGE_STANDARD = "gnu++0x";
				CLANG_CXX_LIBRARY = "libc++";
				CLANG_ENABLE_MODULES = YES;
				CLANG_ENABLE_OBJC_ARC = YES;
				CLANG_WARN_BOOL_CONVERSION = YES;
				CLANG_WARN_CONSTANT_CONVERSION = YES;
				CLANG_WARN_DIRECT_OBJC_ISA_USAGE = YES_ERROR;
				CLANG_WARN_EMPTY_BODY = YES;
				CLANG_WARN_ENUM_CONVERSION = YES;
				CLANG_WARN_INT_CONVERSION = YES;
				CLANG_WARN_OBJC_ROOT_CLASS = YES_ERROR;
				CLANG_WARN__DUPLICATE_METHOD_MATCH = YES;
				"CODE_SIGN_IDENTITY[sdk=iphoneos*]" = "iPhone Developer";
				COPY_PHASE_STRIP = NO;
				GCC_C_LANGUAGE_STANDARD = gnu99;
				GCC_DYNAMIC_NO_PIC = NO;
				GCC_OPTIMIZATION_LEVEL = 0;
				GCC_PREPROCESSOR_DEFINITIONS = (
					"DEBUG=1",
					"$(inherited)",
				);
				GCC_SYMBOLS_PRIVATE_EXTERN = NO;
				GCC_WARN_64_TO_32_BIT_CONVERSION = YES;
				GCC_WARN_ABOUT_RETURN_TYPE = YES_ERROR;
				GCC_WARN_UNDECLARED_SELECTOR = YES;
				GCC_WARN_UNINITIALIZED_AUTOS = YES;
				GCC_WARN_UNUSED_FUNCTION = YES;
				GCC_WARN_UNUSED_VARIABLE = YES;
				IPHONEOS_DEPLOYMENT_TARGET = 7.1;
				ONLY_ACTIVE_ARCH = YES;
				SDKROOT = iphoneos;
			};
			name = Debug;
		};
		04B36EBB19328F590079A6BD /* Release */ = {
			isa = XCBuildConfiguration;
			buildSettings = {
				ALWAYS_SEARCH_USER_PATHS = NO;
				ARCHS = "$(ARCHS_STANDARD_INCLUDING_64_BIT)";
				CLANG_CXX_LANGUAGE_STANDARD = "gnu++0x";
				CLANG_CXX_LIBRARY = "libc++";
				CLANG_ENABLE_MODULES = YES;
				CLANG_ENABLE_OBJC_ARC = YES;
				CLANG_WARN_BOOL_CONVERSION = YES;
				CLANG_WARN_CONSTANT_CONVERSION = YES;
				CLANG_WARN_DIRECT_OBJC_ISA_USAGE = YES_ERROR;
				CLANG_WARN_EMPTY_BODY = YES;
				CLANG_WARN_ENUM_CONVERSION = YES;
				CLANG_WARN_INT_CONVERSION = YES;
				CLANG_WARN_OBJC_ROOT_CLASS = YES_ERROR;
				CLANG_WARN__DUPLICATE_METHOD_MATCH = YES;
				"CODE_SIGN_IDENTITY[sdk=iphoneos*]" = "iPhone Developer";
				COPY_PHASE_STRIP = YES;
				ENABLE_NS_ASSERTIONS = NO;
				GCC_C_LANGUAGE_STANDARD = gnu99;
				GCC_WARN_64_TO_32_BIT_CONVERSION = YES;
				GCC_WARN_ABOUT_RETURN_TYPE = YES_ERROR;
				GCC_WARN_UNDECLARED_SELECTOR = YES;
				GCC_WARN_UNINITIALIZED_AUTOS = YES;
				GCC_WARN_UNUSED_FUNCTION = YES;
				GCC_WARN_UNUSED_VARIABLE = YES;
				IPHONEOS_DEPLOYMENT_TARGET = 7.1;
				SDKROOT = iphoneos;
				VALIDATE_PRODUCT = YES;
			};
			name = Release;
		};
		04B36EBD19328F590079A6BD /* Debug */ = {
			isa = XCBuildConfiguration;
			buildSettings = {
				ASSETCATALOG_COMPILER_APPICON_NAME = AppIcon;
				ASSETCATALOG_COMPILER_LAUNCHIMAGE_NAME = LaunchImage;
				GCC_PRECOMPILE_PREFIX_HEADER = YES;
				GCC_PREFIX_HEADER = "智能拼图/智能拼图-Prefix.pch";
				INFOPLIST_FILE = "智能拼图/智能拼图-Info.plist";
				IPHONEOS_DEPLOYMENT_TARGET = 7.1;
				PRODUCT_NAME = "$(TARGET_NAME)";
				WRAPPER_EXTENSION = app;
			};
			name = Debug;
		};
		04B36EBE19328F590079A6BD /* Release */ = {
			isa = XCBuildConfiguration;
			buildSettings = {
				ASSETCATALOG_COMPILER_APPICON_NAME = AppIcon;
				ASSETCATALOG_COMPILER_LAUNCHIMAGE_NAME = LaunchImage;
				GCC_PRECOMPILE_PREFIX_HEADER = YES;
				GCC_PREFIX_HEADER = "智能拼图/智能拼图-Prefix.pch";
				INFOPLIST_FILE = "智能拼图/智能拼图-Info.plist";
				IPHONEOS_DEPLOYMENT_TARGET = 7.1;
				PRODUCT_NAME = "$(TARGET_NAME)";
				WRAPPER_EXTENSION = app;
			};
			name = Release;
		};
		04B36EC019328F590079A6BD /* Debug */ = {
			isa = XCBuildConfiguration;
			buildSettings = {
				ARCHS = "$(ARCHS_STANDARD_INCLUDING_64_BIT)";
				BUNDLE_LOADER = "$(BUILT_PRODUCTS_DIR)/智能拼图.app/智能拼图";
				FRAMEWORK_SEARCH_PATHS = (
					"$(SDKROOT)/Developer/Library/Frameworks",
					"$(inherited)",
					"$(DEVELOPER_FRAMEWORKS_DIR)",
				);
				GCC_PRECOMPILE_PREFIX_HEADER = YES;
				GCC_PREFIX_HEADER = "智能拼图/智能拼图-Prefix.pch";
				GCC_PREPROCESSOR_DEFINITIONS = (
					"DEBUG=1",
					"$(inherited)",
				);
				INFOPLIST_FILE = "智能拼图Tests/智能拼图Tests-Info.plist";
				PRODUCT_NAME = "$(TARGET_NAME)";
				TEST_HOST = "$(BUNDLE_LOADER)";
				WRAPPER_EXTENSION = xctest;
			};
			name = Debug;
		};
		04B36EC119328F590079A6BD /* Release */ = {
			isa = XCBuildConfiguration;
			buildSettings = {
				ARCHS = "$(ARCHS_STANDARD_INCLUDING_64_BIT)";
				BUNDLE_LOADER = "$(BUILT_PRODUCTS_DIR)/智能拼图.app/智能拼图";
				FRAMEWORK_SEARCH_PATHS = (
					"$(SDKROOT)/Developer/Library/Frameworks",
					"$(inherited)",
					"$(DEVELOPER_FRAMEWORKS_DIR)",
				);
				GCC_PRECOMPILE_PREFIX_HEADER = YES;
				GCC_PREFIX_HEADER = "智能拼图/智能拼图-Prefix.pch";
				INFOPLIST_FILE = "智能拼图Tests/智能拼图Tests-Info.plist";
				PRODUCT_NAME = "$(TARGET_NAME)";
				TEST_HOST = "$(BUNDLE_LOADER)";
				WRAPPER_EXTENSION = xctest;
			};
			name = Release;
		};
/* End XCBuildConfiguration section */

/* Begin XCConfigurationList section */
		04B36E8519328F590079A6BD /* Build configuration list for PBXProject "智能拼图" */ = {
			isa = XCConfigurationList;
			buildConfigurations = (
				04B36EBA19328F590079A6BD /* Debug */,
				04B36EBB19328F590079A6BD /* Release */,
			);
			defaultConfigurationIsVisible = 0;
			defaultConfigurationName = Release;
		};
		04B36EBC19328F590079A6BD /* Build configuration list for PBXNativeTarget "智能拼图" */ = {
			isa = XCConfigurationList;
			buildConfigurations = (
				04B36EBD19328F590079A6BD /* Debug */,
				04B36EBE19328F590079A6BD /* Release */,
			);
			defaultConfigurationIsVisible = 0;
			defaultConfigurationName = Release;
		};
		04B36EBF19328F590079A6BD /* Build configuration list for PBXNativeTarget "智能拼图Tests" */ = {
			isa = XCConfigurationList;
			buildConfigurations = (
				04B36EC019328F590079A6BD /* Debug */,
				04B36EC119328F590079A6BD /* Release */,
			);
			defaultConfigurationIsVisible = 0;
			defaultConfigurationName = Release;
		};
/* End XCConfigurationList section */
	};
	rootObject = 04B36E8219328F590079A6BD /* Project object */;
}
